// !$*UTF8*$!
{
	archiveVersion = 1;
	classes = {
	};
	objectVersion = 46;
	objects = {

/* Begin PBXBuildFile section */
		164EA74D1BB799E700446691 /* MobileInfo.swift in Sources */ = {isa = PBXBuildFile; fileRef = 164EA74C1BB799E700446691 /* MobileInfo.swift */; };
		16988ADD1B8A57A500270DBA /* Images.xcassets in Resources */ = {isa = PBXBuildFile; fileRef = 16988ADC1B8A57A500270DBA /* Images.xcassets */; };
		16988ADF1B8CCC5500270DBA /* SharedLocationManager.swift in Sources */ = {isa = PBXBuildFile; fileRef = 16988ADE1B8CCC5500270DBA /* SharedLocationManager.swift */; };
		3391D7982FE2352604D3A986 /* Pods.framework in Frameworks */ = {isa = PBXBuildFile; fileRef = C16B2F1E77B7FE57018887C4 /* Pods.framework */; settings = {ATTRIBUTES = (Weak, ); }; };
		640D05AC1BCB68F700C10E20 /* ChatViewController.swift in Sources */ = {isa = PBXBuildFile; fileRef = 640D05AB1BCB68F700C10E20 /* ChatViewController.swift */; settings = {ASSET_TAGS = (); }; };
		645E0D5A1BD3544C00CF6977 /* PCoinUnlockedCell.swift in Sources */ = {isa = PBXBuildFile; fileRef = 645E0D591BD3544C00CF6977 /* PCoinUnlockedCell.swift */; settings = {ASSET_TAGS = (); }; };
		645E0D5E1BD355C100CF6977 /* PCoinUnlockedModel.swift in Sources */ = {isa = PBXBuildFile; fileRef = 645E0D5D1BD355C100CF6977 /* PCoinUnlockedModel.swift */; settings = {ASSET_TAGS = (); }; };
		645E0D851BD3735600CF6977 /* UserCell.swift in Sources */ = {isa = PBXBuildFile; fileRef = 645E0D831BD3735600CF6977 /* UserCell.swift */; settings = {ASSET_TAGS = (); }; };
		645E0D861BD3735600CF6977 /* UserCell.xib in Resources */ = {isa = PBXBuildFile; fileRef = 645E0D841BD3735600CF6977 /* UserCell.xib */; settings = {ASSET_TAGS = (); }; };
		645E0D881BD37ADB00CF6977 /* SettingButton.swift in Sources */ = {isa = PBXBuildFile; fileRef = 645E0D871BD37ADB00CF6977 /* SettingButton.swift */; settings = {ASSET_TAGS = (); }; };
		646C1B8C1BCB789400EEBF04 /* BaseUser.swift in Sources */ = {isa = PBXBuildFile; fileRef = 646C1B8B1BCB789400EEBF04 /* BaseUser.swift */; settings = {ASSET_TAGS = (); }; };
		646C1B901BCB8C8600EEBF04 /* RandomAndLevelUser.swift in Sources */ = {isa = PBXBuildFile; fileRef = 646C1B8F1BCB8C8500EEBF04 /* RandomAndLevelUser.swift */; settings = {ASSET_TAGS = (); }; };
		646C1B921BCB8EAD00EEBF04 /* RandomUserController.swift in Sources */ = {isa = PBXBuildFile; fileRef = 646C1B911BCB8EAD00EEBF04 /* RandomUserController.swift */; settings = {ASSET_TAGS = (); }; };
		646C1B941BCB8ED000EEBF04 /* LevelUserController.swift in Sources */ = {isa = PBXBuildFile; fileRef = 646C1B931BCB8ED000EEBF04 /* LevelUserController.swift */; settings = {ASSET_TAGS = (); }; };
		646C1B961BCB913C00EEBF04 /* RandomAndLevelUserCell.swift in Sources */ = {isa = PBXBuildFile; fileRef = 646C1B951BCB913C00EEBF04 /* RandomAndLevelUserCell.swift */; settings = {ASSET_TAGS = (); }; };
		649B94D21BD4846000F1B6CA /* FMDatabase.m in Sources */ = {isa = PBXBuildFile; fileRef = 649B94C31BD4846000F1B6CA /* FMDatabase.m */; settings = {ASSET_TAGS = (); }; };
		649B94D31BD4846000F1B6CA /* FMDatabaseAdditions.m in Sources */ = {isa = PBXBuildFile; fileRef = 649B94C51BD4846000F1B6CA /* FMDatabaseAdditions.m */; settings = {ASSET_TAGS = (); }; };
		649B94D41BD4846000F1B6CA /* FMDatabasePool.m in Sources */ = {isa = PBXBuildFile; fileRef = 649B94C71BD4846000F1B6CA /* FMDatabasePool.m */; settings = {ASSET_TAGS = (); }; };
		649B94D51BD4846000F1B6CA /* FMDatabaseQueue.m in Sources */ = {isa = PBXBuildFile; fileRef = 649B94C91BD4846000F1B6CA /* FMDatabaseQueue.m */; settings = {ASSET_TAGS = (); }; };
		649B94D61BD4846000F1B6CA /* FMResultSet.m in Sources */ = {isa = PBXBuildFile; fileRef = 649B94CC1BD4846000F1B6CA /* FMResultSet.m */; settings = {ASSET_TAGS = (); }; };
		649B94D71BD4846000F1B6CA /* FMDBManager.swift in Sources */ = {isa = PBXBuildFile; fileRef = 649B94CD1BD4846000F1B6CA /* FMDBManager.swift */; settings = {ASSET_TAGS = (); }; };
		649B94D81BD4846000F1B6CA /* FMDatabaseAdditionsVariadic.swift in Sources */ = {isa = PBXBuildFile; fileRef = 649B94CF1BD4846000F1B6CA /* FMDatabaseAdditionsVariadic.swift */; settings = {ASSET_TAGS = (); }; };
		649B94D91BD4846000F1B6CA /* FMDatabaseVariadic.swift in Sources */ = {isa = PBXBuildFile; fileRef = 649B94D01BD4846000F1B6CA /* FMDatabaseVariadic.swift */; settings = {ASSET_TAGS = (); }; };
		649B94DC1BD4854C00F1B6CA /* TenUserModal.swift in Sources */ = {isa = PBXBuildFile; fileRef = 649B94DB1BD4854C00F1B6CA /* TenUserModal.swift */; settings = {ASSET_TAGS = (); }; };
		649B94DE1BD4857500F1B6CA /* libsqlite3.0.tbd in Frameworks */ = {isa = PBXBuildFile; fileRef = 649B94DD1BD4857500F1B6CA /* libsqlite3.0.tbd */; };
		649B94E51BD4D38000F1B6CA /* RegistViewController.swift in Sources */ = {isa = PBXBuildFile; fileRef = 649B94E41BD4D38000F1B6CA /* RegistViewController.swift */; settings = {ASSET_TAGS = (); }; };
		64A8D59A1BCAA7B600AC1E6E /* ADCircularMenuViewController.m in Sources */ = {isa = PBXBuildFile; fileRef = 64A8D5991BCAA2AB00AC1E6E /* ADCircularMenuViewController.m */; settings = {ASSET_TAGS = (); }; };
		64BDA0BF1BCBC30A009DF292 /* NotificationViewController.swift in Sources */ = {isa = PBXBuildFile; fileRef = 64BDA0BE1BCBC30A009DF292 /* NotificationViewController.swift */; settings = {ASSET_TAGS = (); }; };
		64BDA0C11BCBC4E3009DF292 /* NotificationInfoCell.swift in Sources */ = {isa = PBXBuildFile; fileRef = 64BDA0C01BCBC4E3009DF292 /* NotificationInfoCell.swift */; settings = {ASSET_TAGS = (); }; };
		64BDA0C31BCBC508009DF292 /* Notification.swift in Sources */ = {isa = PBXBuildFile; fileRef = 64BDA0C21BCBC508009DF292 /* Notification.swift */; settings = {ASSET_TAGS = (); }; };
		64BDA0C51BCBC64E009DF292 /* NotificationFrame.swift in Sources */ = {isa = PBXBuildFile; fileRef = 64BDA0C41BCBC64E009DF292 /* NotificationFrame.swift */; settings = {ASSET_TAGS = (); }; };
		64BDA0C91BCC02BC009DF292 /* SettingsViewController.swift in Sources */ = {isa = PBXBuildFile; fileRef = 64BDA0C81BCC02BC009DF292 /* SettingsViewController.swift */; settings = {ASSET_TAGS = (); }; };
		64BDA0CC1BCC0815009DF292 /* settingCell.swift in Sources */ = {isa = PBXBuildFile; fileRef = 64BDA0CA1BCC0815009DF292 /* settingCell.swift */; settings = {ASSET_TAGS = (); }; };
		64BDA0D31BCFBDBE009DF292 /* SettingDoubleLabelCell.swift in Sources */ = {isa = PBXBuildFile; fileRef = 64BDA0D21BCFBDBE009DF292 /* SettingDoubleLabelCell.swift */; settings = {ASSET_TAGS = (); }; };
		64BDA0D61BD26E68009DF292 /* PCoinViewController.swift in Sources */ = {isa = PBXBuildFile; fileRef = 64BDA0D51BD26E68009DF292 /* PCoinViewController.swift */; settings = {ASSET_TAGS = (); }; };
		64BDA0D81BD27223009DF292 /* LevelButton.swift in Sources */ = {isa = PBXBuildFile; fileRef = 64BDA0D71BD27223009DF292 /* LevelButton.swift */; settings = {ASSET_TAGS = (); }; };
		64BDA0DB1BD275D1009DF292 /* PCoinPurchaseCell.swift in Sources */ = {isa = PBXBuildFile; fileRef = 64BDA0DA1BD275D1009DF292 /* PCoinPurchaseCell.swift */; settings = {ASSET_TAGS = (); }; };
		64BDA0E01BD27FCA009DF292 /* PCoinHistoryCell.swift in Sources */ = {isa = PBXBuildFile; fileRef = 64BDA0DF1BD27FCA009DF292 /* PCoinHistoryCell.swift */; settings = {ASSET_TAGS = (); }; };
		64BDA0E21BD333F0009DF292 /* PCoinTransferCell.swift in Sources */ = {isa = PBXBuildFile; fileRef = 64BDA0E11BD333F0009DF292 /* PCoinTransferCell.swift */; settings = {ASSET_TAGS = (); }; };
		64BDA0E41BD33A53009DF292 /* PCoinTransferModel.swift in Sources */ = {isa = PBXBuildFile; fileRef = 64BDA0E31BD33A53009DF292 /* PCoinTransferModel.swift */; settings = {ASSET_TAGS = (); }; };
		C4CED30C1B88FB010008BCF2 /* AppDelegate.swift in Sources */ = {isa = PBXBuildFile; fileRef = C4CED30B1B88FB010008BCF2 /* AppDelegate.swift */; };
		C4CED30E1B88FB010008BCF2 /* MainViewController.swift in Sources */ = {isa = PBXBuildFile; fileRef = C4CED30D1B88FB010008BCF2 /* MainViewController.swift */; };
		C4CED3111B88FB010008BCF2 /* Main.storyboard in Resources */ = {isa = PBXBuildFile; fileRef = C4CED30F1B88FB010008BCF2 /* Main.storyboard */; };
		C4CED3161B88FB010008BCF2 /* LaunchScreen.xib in Resources */ = {isa = PBXBuildFile; fileRef = C4CED3141B88FB010008BCF2 /* LaunchScreen.xib */; };
		C4CED3221B88FB010008BCF2 /* TenTests.swift in Sources */ = {isa = PBXBuildFile; fileRef = C4CED3211B88FB010008BCF2 /* TenTests.swift */; };
		D41B3D721BC07493005002C8 /* ProfilePicsCollectionViewCell.xib in Resources */ = {isa = PBXBuildFile; fileRef = D41B3D701BC07493005002C8 /* ProfilePicsCollectionViewCell.xib */; settings = {ASSET_TAGS = (); }; };
		D41B3D731BC07493005002C8 /* ProfilePicsCollectionViewController.swift in Sources */ = {isa = PBXBuildFile; fileRef = D41B3D711BC07493005002C8 /* ProfilePicsCollectionViewController.swift */; settings = {ASSET_TAGS = (); }; };
		D41B3D761BC074AB005002C8 /* ProfilePicsCollectionViewCell.swift in Sources */ = {isa = PBXBuildFile; fileRef = D41B3D741BC074AB005002C8 /* ProfilePicsCollectionViewCell.swift */; settings = {ASSET_TAGS = (); }; };
		D41B3D771BC074AB005002C8 /* ProfilePicsCollectionViewController.xib in Resources */ = {isa = PBXBuildFile; fileRef = D41B3D751BC074AB005002C8 /* ProfilePicsCollectionViewController.xib */; settings = {ASSET_TAGS = (); }; };
		D41B3D791BC07924005002C8 /* Helpers.swift in Sources */ = {isa = PBXBuildFile; fileRef = D41B3D781BC07924005002C8 /* Helpers.swift */; settings = {ASSET_TAGS = (); }; };
		D48F93161BC1CDEC003DE7A2 /* ProfilePicsLayout.swift in Sources */ = {isa = PBXBuildFile; fileRef = D48F93151BC1CDEC003DE7A2 /* ProfilePicsLayout.swift */; settings = {ASSET_TAGS = (); }; };
		D4D96F311BBDB9090019C09B /* ProfileViewController.swift in Sources */ = {isa = PBXBuildFile; fileRef = D4D96F2F1BBDB9090019C09B /* ProfileViewController.swift */; settings = {ASSET_TAGS = (); }; };
		D4D96F321BBDB9090019C09B /* ProfileViewController.xib in Resources */ = {isa = PBXBuildFile; fileRef = D4D96F301BBDB9090019C09B /* ProfileViewController.xib */; settings = {ASSET_TAGS = (); }; };
/* End PBXBuildFile section */

/* Begin PBXContainerItemProxy section */
		C4CED31C1B88FB010008BCF2 /* PBXContainerItemProxy */ = {
			isa = PBXContainerItemProxy;
			containerPortal = C4CED2FE1B88FB010008BCF2 /* Project object */;
			proxyType = 1;
			remoteGlobalIDString = C4CED3051B88FB010008BCF2;
			remoteInfo = Ten;
		};
/* End PBXContainerItemProxy section */

/* Begin PBXFileReference section */
		032746A50B016C79F1BAEF9D /* Pods.release.xcconfig */ = {isa = PBXFileReference; includeInIndex = 1; lastKnownFileType = text.xcconfig; name = Pods.release.xcconfig; path = "Pods/Target Support Files/Pods/Pods.release.xcconfig"; sourceTree = "<group>"; };
		04E4A3C8E90507E375B44E7E /* Pods.debug.xcconfig */ = {isa = PBXFileReference; includeInIndex = 1; lastKnownFileType = text.xcconfig; name = Pods.debug.xcconfig; path = "Pods/Target Support Files/Pods/Pods.debug.xcconfig"; sourceTree = "<group>"; };
		164EA74C1BB799E700446691 /* MobileInfo.swift */ = {isa = PBXFileReference; fileEncoding = 4; lastKnownFileType = sourcecode.swift; path = MobileInfo.swift; sourceTree = "<group>"; };
		16988ADC1B8A57A500270DBA /* Images.xcassets */ = {isa = PBXFileReference; lastKnownFileType = folder.assetcatalog; path = Images.xcassets; sourceTree = "<group>"; };
		16988ADE1B8CCC5500270DBA /* SharedLocationManager.swift */ = {isa = PBXFileReference; fileEncoding = 4; lastKnownFileType = sourcecode.swift; lineEnding = 0; name = SharedLocationManager.swift; path = Ten/SharedLocationManager.swift; sourceTree = "<group>"; xcLanguageSpecificationIdentifier = xcode.lang.swift; };
		640D05AB1BCB68F700C10E20 /* ChatViewController.swift */ = {isa = PBXFileReference; fileEncoding = 4; lastKnownFileType = sourcecode.swift; name = ChatViewController.swift; path = ../../../../GitHub/Develop/ChatViewController.swift; sourceTree = "<group>"; };
		645E0D591BD3544C00CF6977 /* PCoinUnlockedCell.swift */ = {isa = PBXFileReference; fileEncoding = 4; lastKnownFileType = sourcecode.swift; path = PCoinUnlockedCell.swift; sourceTree = "<group>"; };
		645E0D5D1BD355C100CF6977 /* PCoinUnlockedModel.swift */ = {isa = PBXFileReference; fileEncoding = 4; lastKnownFileType = sourcecode.swift; path = PCoinUnlockedModel.swift; sourceTree = "<group>"; };
		645E0D831BD3735600CF6977 /* UserCell.swift */ = {isa = PBXFileReference; fileEncoding = 4; lastKnownFileType = sourcecode.swift; name = UserCell.swift; path = ../../../../GitHub/Develop/UserCell.swift; sourceTree = "<group>"; };
		645E0D841BD3735600CF6977 /* UserCell.xib */ = {isa = PBXFileReference; fileEncoding = 4; lastKnownFileType = file.xib; name = UserCell.xib; path = ../../../../GitHub/Develop/UserCell.xib; sourceTree = "<group>"; };
		645E0D871BD37ADB00CF6977 /* SettingButton.swift */ = {isa = PBXFileReference; fileEncoding = 4; lastKnownFileType = sourcecode.swift; path = SettingButton.swift; sourceTree = "<group>"; };
		646C1B8B1BCB789400EEBF04 /* BaseUser.swift */ = {isa = PBXFileReference; fileEncoding = 4; lastKnownFileType = sourcecode.swift; path = BaseUser.swift; sourceTree = "<group>"; };
		646C1B8F1BCB8C8500EEBF04 /* RandomAndLevelUser.swift */ = {isa = PBXFileReference; fileEncoding = 4; lastKnownFileType = sourcecode.swift; path = RandomAndLevelUser.swift; sourceTree = "<group>"; };
		646C1B911BCB8EAD00EEBF04 /* RandomUserController.swift */ = {isa = PBXFileReference; fileEncoding = 4; lastKnownFileType = sourcecode.swift; path = RandomUserController.swift; sourceTree = "<group>"; };
		646C1B931BCB8ED000EEBF04 /* LevelUserController.swift */ = {isa = PBXFileReference; fileEncoding = 4; lastKnownFileType = sourcecode.swift; path = LevelUserController.swift; sourceTree = "<group>"; };
		646C1B951BCB913C00EEBF04 /* RandomAndLevelUserCell.swift */ = {isa = PBXFileReference; fileEncoding = 4; lastKnownFileType = sourcecode.swift; path = RandomAndLevelUserCell.swift; sourceTree = "<group>"; };
		649B94C21BD4846000F1B6CA /* FMDatabase.h */ = {isa = PBXFileReference; fileEncoding = 4; lastKnownFileType = sourcecode.c.h; path = FMDatabase.h; sourceTree = "<group>"; };
		649B94C31BD4846000F1B6CA /* FMDatabase.m */ = {isa = PBXFileReference; fileEncoding = 4; lastKnownFileType = sourcecode.c.objc; path = FMDatabase.m; sourceTree = "<group>"; };
		649B94C41BD4846000F1B6CA /* FMDatabaseAdditions.h */ = {isa = PBXFileReference; fileEncoding = 4; lastKnownFileType = sourcecode.c.h; path = FMDatabaseAdditions.h; sourceTree = "<group>"; };
		649B94C51BD4846000F1B6CA /* FMDatabaseAdditions.m */ = {isa = PBXFileReference; fileEncoding = 4; lastKnownFileType = sourcecode.c.objc; path = FMDatabaseAdditions.m; sourceTree = "<group>"; };
		649B94C61BD4846000F1B6CA /* FMDatabasePool.h */ = {isa = PBXFileReference; fileEncoding = 4; lastKnownFileType = sourcecode.c.h; path = FMDatabasePool.h; sourceTree = "<group>"; };
		649B94C71BD4846000F1B6CA /* FMDatabasePool.m */ = {isa = PBXFileReference; fileEncoding = 4; lastKnownFileType = sourcecode.c.objc; path = FMDatabasePool.m; sourceTree = "<group>"; };
		649B94C81BD4846000F1B6CA /* FMDatabaseQueue.h */ = {isa = PBXFileReference; fileEncoding = 4; lastKnownFileType = sourcecode.c.h; path = FMDatabaseQueue.h; sourceTree = "<group>"; };
		649B94C91BD4846000F1B6CA /* FMDatabaseQueue.m */ = {isa = PBXFileReference; fileEncoding = 4; lastKnownFileType = sourcecode.c.objc; path = FMDatabaseQueue.m; sourceTree = "<group>"; };
		649B94CA1BD4846000F1B6CA /* FMDB.h */ = {isa = PBXFileReference; fileEncoding = 4; lastKnownFileType = sourcecode.c.h; path = FMDB.h; sourceTree = "<group>"; };
		649B94CB1BD4846000F1B6CA /* FMResultSet.h */ = {isa = PBXFileReference; fileEncoding = 4; lastKnownFileType = sourcecode.c.h; path = FMResultSet.h; sourceTree = "<group>"; };
		649B94CC1BD4846000F1B6CA /* FMResultSet.m */ = {isa = PBXFileReference; fileEncoding = 4; lastKnownFileType = sourcecode.c.objc; path = FMResultSet.m; sourceTree = "<group>"; };
		649B94CD1BD4846000F1B6CA /* FMDBManager.swift */ = {isa = PBXFileReference; fileEncoding = 4; lastKnownFileType = sourcecode.swift; path = FMDBManager.swift; sourceTree = "<group>"; };
		649B94CF1BD4846000F1B6CA /* FMDatabaseAdditionsVariadic.swift */ = {isa = PBXFileReference; fileEncoding = 4; lastKnownFileType = sourcecode.swift; path = FMDatabaseAdditionsVariadic.swift; sourceTree = "<group>"; };
		649B94D01BD4846000F1B6CA /* FMDatabaseVariadic.swift */ = {isa = PBXFileReference; fileEncoding = 4; lastKnownFileType = sourcecode.swift; path = FMDatabaseVariadic.swift; sourceTree = "<group>"; };
		649B94DB1BD4854C00F1B6CA /* TenUserModal.swift */ = {isa = PBXFileReference; fileEncoding = 4; lastKnownFileType = sourcecode.swift; path = TenUserModal.swift; sourceTree = "<group>"; };
		649B94DD1BD4857500F1B6CA /* libsqlite3.0.tbd */ = {isa = PBXFileReference; lastKnownFileType = "sourcecode.text-based-dylib-definition"; name = libsqlite3.0.tbd; path = usr/lib/libsqlite3.0.tbd; sourceTree = SDKROOT; };
		649B94E41BD4D38000F1B6CA /* RegistViewController.swift */ = {isa = PBXFileReference; fileEncoding = 4; lastKnownFileType = sourcecode.swift; path = RegistViewController.swift; sourceTree = "<group>"; };
		64A8D5931BCAA27600AC1E6E /* ADCircularMenuViewController-Bridging-Header.h */ = {isa = PBXFileReference; lastKnownFileType = sourcecode.c.h; path = "ADCircularMenuViewController-Bridging-Header.h"; sourceTree = "<group>"; };
		64A8D5941BCAA27600AC1E6E /* ADCircularMenuViewController.h */ = {isa = PBXFileReference; lastKnownFileType = sourcecode.c.h; path = ADCircularMenuViewController.h; sourceTree = "<group>"; };
		64A8D5951BCAA27600AC1E6E /* ADCircularMenuViewController.m */ = {isa = PBXFileReference; lastKnownFileType = sourcecode.c.objc; path = ADCircularMenuViewController.m; sourceTree = "<group>"; };
		64A8D5971BCAA2AB00AC1E6E /* ADCircularMenuViewController-Bridging-Header.h */ = {isa = PBXFileReference; lastKnownFileType = sourcecode.c.h; path = "ADCircularMenuViewController-Bridging-Header.h"; sourceTree = "<group>"; };
		64A8D5981BCAA2AB00AC1E6E /* ADCircularMenuViewController.h */ = {isa = PBXFileReference; lastKnownFileType = sourcecode.c.h; path = ADCircularMenuViewController.h; sourceTree = "<group>"; };
		64A8D5991BCAA2AB00AC1E6E /* ADCircularMenuViewController.m */ = {isa = PBXFileReference; lastKnownFileType = sourcecode.c.objc; path = ADCircularMenuViewController.m; sourceTree = "<group>"; };
		64BDA0BE1BCBC30A009DF292 /* NotificationViewController.swift */ = {isa = PBXFileReference; fileEncoding = 4; lastKnownFileType = sourcecode.swift; path = NotificationViewController.swift; sourceTree = "<group>"; };
		64BDA0C01BCBC4E3009DF292 /* NotificationInfoCell.swift */ = {isa = PBXFileReference; fileEncoding = 4; lastKnownFileType = sourcecode.swift; path = NotificationInfoCell.swift; sourceTree = "<group>"; };
		64BDA0C21BCBC508009DF292 /* Notification.swift */ = {isa = PBXFileReference; fileEncoding = 4; lastKnownFileType = sourcecode.swift; path = Notification.swift; sourceTree = "<group>"; };
		64BDA0C41BCBC64E009DF292 /* NotificationFrame.swift */ = {isa = PBXFileReference; fileEncoding = 4; lastKnownFileType = sourcecode.swift; path = NotificationFrame.swift; sourceTree = "<group>"; };
		64BDA0C81BCC02BC009DF292 /* SettingsViewController.swift */ = {isa = PBXFileReference; fileEncoding = 4; lastKnownFileType = sourcecode.swift; path = SettingsViewController.swift; sourceTree = "<group>"; };
		64BDA0CA1BCC0815009DF292 /* settingCell.swift */ = {isa = PBXFileReference; fileEncoding = 4; lastKnownFileType = sourcecode.swift; path = settingCell.swift; sourceTree = "<group>"; };
		64BDA0D21BCFBDBE009DF292 /* SettingDoubleLabelCell.swift */ = {isa = PBXFileReference; fileEncoding = 4; lastKnownFileType = sourcecode.swift; path = SettingDoubleLabelCell.swift; sourceTree = "<group>"; };
		64BDA0D51BD26E68009DF292 /* PCoinViewController.swift */ = {isa = PBXFileReference; fileEncoding = 4; lastKnownFileType = sourcecode.swift; path = PCoinViewController.swift; sourceTree = "<group>"; };
		64BDA0D71BD27223009DF292 /* LevelButton.swift */ = {isa = PBXFileReference; fileEncoding = 4; lastKnownFileType = sourcecode.swift; path = LevelButton.swift; sourceTree = "<group>"; };
		64BDA0DA1BD275D1009DF292 /* PCoinPurchaseCell.swift */ = {isa = PBXFileReference; fileEncoding = 4; lastKnownFileType = sourcecode.swift; path = PCoinPurchaseCell.swift; sourceTree = "<group>"; };
		64BDA0DF1BD27FCA009DF292 /* PCoinHistoryCell.swift */ = {isa = PBXFileReference; fileEncoding = 4; lastKnownFileType = sourcecode.swift; path = PCoinHistoryCell.swift; sourceTree = "<group>"; };
		64BDA0E11BD333F0009DF292 /* PCoinTransferCell.swift */ = {isa = PBXFileReference; fileEncoding = 4; lastKnownFileType = sourcecode.swift; path = PCoinTransferCell.swift; sourceTree = "<group>"; };
		64BDA0E31BD33A53009DF292 /* PCoinTransferModel.swift */ = {isa = PBXFileReference; fileEncoding = 4; lastKnownFileType = sourcecode.swift; path = PCoinTransferModel.swift; sourceTree = "<group>"; };
		C16B2F1E77B7FE57018887C4 /* Pods.framework */ = {isa = PBXFileReference; explicitFileType = wrapper.framework; includeInIndex = 0; path = Pods.framework; sourceTree = BUILT_PRODUCTS_DIR; };
		C4CED3061B88FB010008BCF2 /* Ten.app */ = {isa = PBXFileReference; explicitFileType = wrapper.application; includeInIndex = 0; path = Ten.app; sourceTree = BUILT_PRODUCTS_DIR; };
		C4CED30A1B88FB010008BCF2 /* Info.plist */ = {isa = PBXFileReference; lastKnownFileType = text.plist.xml; path = Info.plist; sourceTree = "<group>"; };
		C4CED30B1B88FB010008BCF2 /* AppDelegate.swift */ = {isa = PBXFileReference; lastKnownFileType = sourcecode.swift; path = AppDelegate.swift; sourceTree = "<group>"; };
		C4CED30D1B88FB010008BCF2 /* MainViewController.swift */ = {isa = PBXFileReference; lastKnownFileType = sourcecode.swift; path = MainViewController.swift; sourceTree = "<group>"; };
		C4CED3101B88FB010008BCF2 /* Base */ = {isa = PBXFileReference; lastKnownFileType = file.storyboard; name = Base; path = Base.lproj/Main.storyboard; sourceTree = "<group>"; };
		C4CED3151B88FB010008BCF2 /* Base */ = {isa = PBXFileReference; lastKnownFileType = file.xib; name = Base; path = Base.lproj/LaunchScreen.xib; sourceTree = "<group>"; };
		C4CED31B1B88FB010008BCF2 /* TenTests.xctest */ = {isa = PBXFileReference; explicitFileType = wrapper.cfbundle; includeInIndex = 0; path = TenTests.xctest; sourceTree = BUILT_PRODUCTS_DIR; };
		C4CED3201B88FB010008BCF2 /* Info.plist */ = {isa = PBXFileReference; lastKnownFileType = text.plist.xml; path = Info.plist; sourceTree = "<group>"; };
		C4CED3211B88FB010008BCF2 /* TenTests.swift */ = {isa = PBXFileReference; lastKnownFileType = sourcecode.swift; path = TenTests.swift; sourceTree = "<group>"; };
		D41B3D701BC07493005002C8 /* ProfilePicsCollectionViewCell.xib */ = {isa = PBXFileReference; fileEncoding = 4; lastKnownFileType = file.xib; path = ProfilePicsCollectionViewCell.xib; sourceTree = "<group>"; };
		D41B3D711BC07493005002C8 /* ProfilePicsCollectionViewController.swift */ = {isa = PBXFileReference; fileEncoding = 4; lastKnownFileType = sourcecode.swift; path = ProfilePicsCollectionViewController.swift; sourceTree = "<group>"; };
		D41B3D741BC074AB005002C8 /* ProfilePicsCollectionViewCell.swift */ = {isa = PBXFileReference; fileEncoding = 4; lastKnownFileType = sourcecode.swift; path = ProfilePicsCollectionViewCell.swift; sourceTree = "<group>"; };
		D41B3D751BC074AB005002C8 /* ProfilePicsCollectionViewController.xib */ = {isa = PBXFileReference; fileEncoding = 4; lastKnownFileType = file.xib; path = ProfilePicsCollectionViewController.xib; sourceTree = "<group>"; };
		D41B3D781BC07924005002C8 /* Helpers.swift */ = {isa = PBXFileReference; fileEncoding = 4; lastKnownFileType = sourcecode.swift; path = Helpers.swift; sourceTree = "<group>"; };
		D48F93151BC1CDEC003DE7A2 /* ProfilePicsLayout.swift */ = {isa = PBXFileReference; fileEncoding = 4; lastKnownFileType = sourcecode.swift; path = ProfilePicsLayout.swift; sourceTree = "<group>"; };
		D4D96F2F1BBDB9090019C09B /* ProfileViewController.swift */ = {isa = PBXFileReference; fileEncoding = 4; lastKnownFileType = sourcecode.swift; path = ProfileViewController.swift; sourceTree = "<group>"; };
		D4D96F301BBDB9090019C09B /* ProfileViewController.xib */ = {isa = PBXFileReference; fileEncoding = 4; lastKnownFileType = file.xib; path = ProfileViewController.xib; sourceTree = "<group>"; };
/* End PBXFileReference section */

/* Begin PBXFrameworksBuildPhase section */
		C4CED3031B88FB010008BCF2 /* Frameworks */ = {
			isa = PBXFrameworksBuildPhase;
			buildActionMask = 2147483647;
			files = (
				649B94DE1BD4857500F1B6CA /* libsqlite3.0.tbd in Frameworks */,
				3391D7982FE2352604D3A986 /* Pods.framework in Frameworks */,
			);
			runOnlyForDeploymentPostprocessing = 0;
		};
		C4CED3181B88FB010008BCF2 /* Frameworks */ = {
			isa = PBXFrameworksBuildPhase;
			buildActionMask = 2147483647;
			files = (
			);
			runOnlyForDeploymentPostprocessing = 0;
		};
/* End PBXFrameworksBuildPhase section */

/* Begin PBXGroup section */
		16988AE01B8CCC6000270DBA /* LocationManager */ = {
			isa = PBXGroup;
			children = (
				16988ADE1B8CCC5500270DBA /* SharedLocationManager.swift */,
			);
			name = LocationManager;
			sourceTree = "<group>";
		};
		640D05AF1BCB691900C10E20 /* UserCell */ = {
			isa = PBXGroup;
			children = (
				645E0D831BD3735600CF6977 /* UserCell.swift */,
				645E0D841BD3735600CF6977 /* UserCell.xib */,
				640D05AB1BCB68F700C10E20 /* ChatViewController.swift */,
			);
			name = UserCell;
			path = ../../Documents/xcodeworkspace/userlist/userlist;
			sourceTree = "<group>";
		};
		640D05B21BCB6E8C00C10E20 /* Ramdom&level */ = {
			isa = PBXGroup;
			children = (
				646C1B951BCB913C00EEBF04 /* RandomAndLevelUserCell.swift */,
				646C1B8F1BCB8C8500EEBF04 /* RandomAndLevelUser.swift */,
				646C1B911BCB8EAD00EEBF04 /* RandomUserController.swift */,
				646C1B931BCB8ED000EEBF04 /* LevelUserController.swift */,
				64BDA0D71BD27223009DF292 /* LevelButton.swift */,
			);
			name = "Ramdom&level";
			sourceTree = "<group>";
		};
		649B94C11BD4846000F1B6CA /* fmdb */ = {
			isa = PBXGroup;
			children = (
				649B94C21BD4846000F1B6CA /* FMDatabase.h */,
				649B94C31BD4846000F1B6CA /* FMDatabase.m */,
				649B94C41BD4846000F1B6CA /* FMDatabaseAdditions.h */,
				649B94C51BD4846000F1B6CA /* FMDatabaseAdditions.m */,
				649B94C61BD4846000F1B6CA /* FMDatabasePool.h */,
				649B94C71BD4846000F1B6CA /* FMDatabasePool.m */,
				649B94C81BD4846000F1B6CA /* FMDatabaseQueue.h */,
				649B94C91BD4846000F1B6CA /* FMDatabaseQueue.m */,
				649B94CA1BD4846000F1B6CA /* FMDB.h */,
				649B94CB1BD4846000F1B6CA /* FMResultSet.h */,
				649B94CC1BD4846000F1B6CA /* FMResultSet.m */,
			);
			path = fmdb;
			sourceTree = "<group>";
		};
		649B94CE1BD4846000F1B6CA /* Swift extensions */ = {
			isa = PBXGroup;
			children = (
				649B94CF1BD4846000F1B6CA /* FMDatabaseAdditionsVariadic.swift */,
				649B94D01BD4846000F1B6CA /* FMDatabaseVariadic.swift */,
			);
			path = "Swift extensions";
			sourceTree = "<group>";
		};
		649B94DF1BD486D200F1B6CA /* RegistProfile */ = {
			isa = PBXGroup;
			children = (
				649B94E41BD4D38000F1B6CA /* RegistViewController.swift */,
			);
			name = RegistProfile;
			sourceTree = "<group>";
		};
		64A8D5921BCAA27600AC1E6E /* ADCircularMenuController */ = {
			isa = PBXGroup;
			children = (
				64A8D5931BCAA27600AC1E6E /* ADCircularMenuViewController-Bridging-Header.h */,
				64A8D5941BCAA27600AC1E6E /* ADCircularMenuViewController.h */,
				64A8D5951BCAA27600AC1E6E /* ADCircularMenuViewController.m */,
			);
			name = ADCircularMenuController;
			path = Ten/ADCircularMenuController;
			sourceTree = "<group>";
		};
		64A8D5961BCAA2AB00AC1E6E /* ADCircularMenuController */ = {
			isa = PBXGroup;
			children = (
				64A8D5971BCAA2AB00AC1E6E /* ADCircularMenuViewController-Bridging-Header.h */,
				64A8D5981BCAA2AB00AC1E6E /* ADCircularMenuViewController.h */,
				64A8D5991BCAA2AB00AC1E6E /* ADCircularMenuViewController.m */,
			);
			name = ADCircularMenuController;
			path = Ten/ADCircularMenuController;
			sourceTree = "<group>";
		};
		64BDA0D41BD26E52009DF292 /* P Coin */ = {
			isa = PBXGroup;
			children = (
				64BDA0DC1BD279AF009DF292 /* PcoinModels */,
				64BDA0D91BD2756E009DF292 /* PcoinCells */,
				64BDA0D51BD26E68009DF292 /* PCoinViewController.swift */,
				645E0D871BD37ADB00CF6977 /* SettingButton.swift */,
			);
			name = "P Coin";
			sourceTree = "<group>";
		};
		64BDA0D91BD2756E009DF292 /* PcoinCells */ = {
			isa = PBXGroup;
			children = (
				64BDA0DA1BD275D1009DF292 /* PCoinPurchaseCell.swift */,
				64BDA0DF1BD27FCA009DF292 /* PCoinHistoryCell.swift */,
				64BDA0E11BD333F0009DF292 /* PCoinTransferCell.swift */,
				645E0D591BD3544C00CF6977 /* PCoinUnlockedCell.swift */,
			);
			name = PcoinCells;
			sourceTree = "<group>";
		};
		64BDA0DC1BD279AF009DF292 /* PcoinModels */ = {
			isa = PBXGroup;
			children = (
				64BDA0E31BD33A53009DF292 /* PCoinTransferModel.swift */,
				645E0D5D1BD355C100CF6977 /* PCoinUnlockedModel.swift */,
			);
			name = PcoinModels;
			sourceTree = "<group>";
		};
		AA00EDF29C15F6580F061DCA /* Frameworks */ = {
			isa = PBXGroup;
			children = (
				649B94DD1BD4857500F1B6CA /* libsqlite3.0.tbd */,
				64A8D5921BCAA27600AC1E6E /* ADCircularMenuController */,
				C16B2F1E77B7FE57018887C4 /* Pods.framework */,
			);
			name = Frameworks;
			sourceTree = "<group>";
		};
		C4CED2FD1B88FB010008BCF2 = {
			isa = PBXGroup;
			children = (
				649B94DF1BD486D200F1B6CA /* RegistProfile */,
				649B94CE1BD4846000F1B6CA /* Swift extensions */,
				649B94C11BD4846000F1B6CA /* fmdb */,
				649B94CD1BD4846000F1B6CA /* FMDBManager.swift */,
				649B94DB1BD4854C00F1B6CA /* TenUserModal.swift */,
				64A8D5961BCAA2AB00AC1E6E /* ADCircularMenuController */,
				D4D96F371BBF82270019C09B /* ProfilePics */,
				D44EC9471BBB719100BF41A2 /* Profile */,
				D44EC94A1BBB825F00BF41A2 /* Chats */,
				D44EC95C1BBB846F00BF41A2 /* Notification */,
				D44EC9571BBB841E00BF41A2 /* Settings */,
				C4CED3081B88FB010008BCF2 /* Ten */,
				D41B3D7A1BC0792D005002C8 /* Helpers */,
				16988AE01B8CCC6000270DBA /* LocationManager */,
				C4CED31E1B88FB010008BCF2 /* TenTests */,
				C4CED3071B88FB010008BCF2 /* Products */,
				AA00EDF29C15F6580F061DCA /* Frameworks */,
			);
			sourceTree = "<group>";
		};
		C4CED3071B88FB010008BCF2 /* Products */ = {
			isa = PBXGroup;
			children = (
				C4CED3061B88FB010008BCF2 /* Ten.app */,
				C4CED31B1B88FB010008BCF2 /* TenTests.xctest */,
			);
			name = Products;
			sourceTree = "<group>";
		};
		C4CED3081B88FB010008BCF2 /* Ten */ = {
			isa = PBXGroup;
			children = (
				16988ADC1B8A57A500270DBA /* Images.xcassets */,
				C4CED30B1B88FB010008BCF2 /* AppDelegate.swift */,
				C4CED30D1B88FB010008BCF2 /* MainViewController.swift */,
				C4CED30F1B88FB010008BCF2 /* Main.storyboard */,
				C4CED3141B88FB010008BCF2 /* LaunchScreen.xib */,
				C4CED3091B88FB010008BCF2 /* Supporting Files */,
			);
			path = Ten;
			sourceTree = "<group>";
		};
		C4CED3091B88FB010008BCF2 /* Supporting Files */ = {
			isa = PBXGroup;
			children = (
				164EA74C1BB799E700446691 /* MobileInfo.swift */,
				C4CED30A1B88FB010008BCF2 /* Info.plist */,
			);
			name = "Supporting Files";
			sourceTree = "<group>";
		};
		C4CED31E1B88FB010008BCF2 /* TenTests */ = {
			isa = PBXGroup;
			children = (
				E96E63921E9EBB4A5FCFEE0A /* Pods */,
				C4CED3211B88FB010008BCF2 /* TenTests.swift */,
				C4CED31F1B88FB010008BCF2 /* Supporting Files */,
			);
			path = TenTests;
			sourceTree = "<group>";
		};
		C4CED31F1B88FB010008BCF2 /* Supporting Files */ = {
			isa = PBXGroup;
			children = (
				C4CED3201B88FB010008BCF2 /* Info.plist */,
			);
			name = "Supporting Files";
			sourceTree = "<group>";
		};
		D41B3D7A1BC0792D005002C8 /* Helpers */ = {
			isa = PBXGroup;
			children = (
				D41B3D781BC07924005002C8 /* Helpers.swift */,
			);
			name = Helpers;
			sourceTree = "<group>";
		};
		D44EC9471BBB719100BF41A2 /* Profile */ = {
			isa = PBXGroup;
			children = (
				D4D96F2F1BBDB9090019C09B /* ProfileViewController.swift */,
				D4D96F301BBDB9090019C09B /* ProfileViewController.xib */,
			);
			name = Profile;
			sourceTree = "<group>";
		};
		D44EC94A1BBB825F00BF41A2 /* Chats */ = {
			isa = PBXGroup;
			children = (
				646C1B8B1BCB789400EEBF04 /* BaseUser.swift */,
				640D05B21BCB6E8C00C10E20 /* Ramdom&level */,
				640D05AF1BCB691900C10E20 /* UserCell */,
			);
			name = Chats;
			sourceTree = "<group>";
		};
		D44EC9571BBB841E00BF41A2 /* Settings */ = {
			isa = PBXGroup;
			children = (
				64BDA0D41BD26E52009DF292 /* P Coin */,
				64BDA0C81BCC02BC009DF292 /* SettingsViewController.swift */,
				64BDA0CA1BCC0815009DF292 /* settingCell.swift */,
				64BDA0D21BCFBDBE009DF292 /* SettingDoubleLabelCell.swift */,
			);
			name = Settings;
			sourceTree = "<group>";
		};
		D44EC95C1BBB846F00BF41A2 /* Notification */ = {
			isa = PBXGroup;
			children = (
				64BDA0BE1BCBC30A009DF292 /* NotificationViewController.swift */,
				64BDA0C01BCBC4E3009DF292 /* NotificationInfoCell.swift */,
				64BDA0C21BCBC508009DF292 /* Notification.swift */,
				64BDA0C41BCBC64E009DF292 /* NotificationFrame.swift */,
			);
			name = Notification;
			sourceTree = "<group>";
		};
		D4D96F371BBF82270019C09B /* ProfilePics */ = {
			isa = PBXGroup;
			children = (
				D41B3D741BC074AB005002C8 /* ProfilePicsCollectionViewCell.swift */,
				D41B3D701BC07493005002C8 /* ProfilePicsCollectionViewCell.xib */,
				D41B3D711BC07493005002C8 /* ProfilePicsCollectionViewController.swift */,
				D41B3D751BC074AB005002C8 /* ProfilePicsCollectionViewController.xib */,
				D48F93151BC1CDEC003DE7A2 /* ProfilePicsLayout.swift */,
			);
			name = ProfilePics;
			sourceTree = "<group>";
		};
		E96E63921E9EBB4A5FCFEE0A /* Pods */ = {
			isa = PBXGroup;
			children = (
				04E4A3C8E90507E375B44E7E /* Pods.debug.xcconfig */,
				032746A50B016C79F1BAEF9D /* Pods.release.xcconfig */,
			);
			name = Pods;
			path = ..;
			sourceTree = "<group>";
		};
/* End PBXGroup section */

/* Begin PBXNativeTarget section */
		C4CED3051B88FB010008BCF2 /* Ten */ = {
			isa = PBXNativeTarget;
			buildConfigurationList = C4CED3251B88FB010008BCF2 /* Build configuration list for PBXNativeTarget "Ten" */;
			buildPhases = (
				F8D0153F22F5069AAAC74CEB /* Check Pods Manifest.lock */,
				C4CED3021B88FB010008BCF2 /* Sources */,
				C4CED3031B88FB010008BCF2 /* Frameworks */,
				C4CED3041B88FB010008BCF2 /* Resources */,
				20B82E3D6246F61E870CFC56 /* Embed Pods Frameworks */,
				81BDA3F321AC8136A291CDFA /* Copy Pods Resources */,
			);
			buildRules = (
			);
			dependencies = (
			);
			name = Ten;
			productName = Ten;
			productReference = C4CED3061B88FB010008BCF2 /* Ten.app */;
			productType = "com.apple.product-type.application";
		};
		C4CED31A1B88FB010008BCF2 /* TenTests */ = {
			isa = PBXNativeTarget;
			buildConfigurationList = C4CED3281B88FB010008BCF2 /* Build configuration list for PBXNativeTarget "TenTests" */;
			buildPhases = (
				C4CED3171B88FB010008BCF2 /* Sources */,
				C4CED3181B88FB010008BCF2 /* Frameworks */,
				C4CED3191B88FB010008BCF2 /* Resources */,
			);
			buildRules = (
			);
			dependencies = (
				C4CED31D1B88FB010008BCF2 /* PBXTargetDependency */,
			);
			name = TenTests;
			productName = TenTests;
			productReference = C4CED31B1B88FB010008BCF2 /* TenTests.xctest */;
			productType = "com.apple.product-type.bundle.unit-test";
		};
/* End PBXNativeTarget section */

/* Begin PBXProject section */
		C4CED2FE1B88FB010008BCF2 /* Project object */ = {
			isa = PBXProject;
			attributes = {
				LastSwiftMigration = 0700;
				LastSwiftUpdateCheck = 0700;
				LastUpgradeCheck = 0640;
				ORGANIZATIONNAME = "LiMao Tech";
				TargetAttributes = {
					C4CED3051B88FB010008BCF2 = {
						CreatedOnToolsVersion = 6.4;
						DevelopmentTeam = QDC996CTVH;
					};
					C4CED31A1B88FB010008BCF2 = {
						CreatedOnToolsVersion = 6.4;
						TestTargetID = C4CED3051B88FB010008BCF2;
					};
				};
			};
			buildConfigurationList = C4CED3011B88FB010008BCF2 /* Build configuration list for PBXProject "Ten" */;
			compatibilityVersion = "Xcode 3.2";
			developmentRegion = English;
			hasScannedForEncodings = 0;
			knownRegions = (
				en,
				Base,
			);
			mainGroup = C4CED2FD1B88FB010008BCF2;
			productRefGroup = C4CED3071B88FB010008BCF2 /* Products */;
			projectDirPath = "";
			projectRoot = "";
			targets = (
				C4CED3051B88FB010008BCF2 /* Ten */,
				C4CED31A1B88FB010008BCF2 /* TenTests */,
			);
		};
/* End PBXProject section */

/* Begin PBXResourcesBuildPhase section */
		C4CED3041B88FB010008BCF2 /* Resources */ = {
			isa = PBXResourcesBuildPhase;
			buildActionMask = 2147483647;
			files = (
				D41B3D771BC074AB005002C8 /* ProfilePicsCollectionViewController.xib in Resources */,
				D4D96F321BBDB9090019C09B /* ProfileViewController.xib in Resources */,
				16988ADD1B8A57A500270DBA /* Images.xcassets in Resources */,
				645E0D861BD3735600CF6977 /* UserCell.xib in Resources */,
				C4CED3111B88FB010008BCF2 /* Main.storyboard in Resources */,
				D41B3D721BC07493005002C8 /* ProfilePicsCollectionViewCell.xib in Resources */,
				C4CED3161B88FB010008BCF2 /* LaunchScreen.xib in Resources */,
			);
			runOnlyForDeploymentPostprocessing = 0;
		};
		C4CED3191B88FB010008BCF2 /* Resources */ = {
			isa = PBXResourcesBuildPhase;
			buildActionMask = 2147483647;
			files = (
			);
			runOnlyForDeploymentPostprocessing = 0;
		};
/* End PBXResourcesBuildPhase section */

/* Begin PBXShellScriptBuildPhase section */
		20B82E3D6246F61E870CFC56 /* Embed Pods Frameworks */ = {
			isa = PBXShellScriptBuildPhase;
			buildActionMask = 2147483647;
			files = (
			);
			inputPaths = (
			);
			name = "Embed Pods Frameworks";
			outputPaths = (
			);
			runOnlyForDeploymentPostprocessing = 0;
			shellPath = /bin/sh;
			shellScript = "\"${SRCROOT}/Pods/Target Support Files/Pods/Pods-frameworks.sh\"\n";
			showEnvVarsInLog = 0;
		};
		81BDA3F321AC8136A291CDFA /* Copy Pods Resources */ = {
			isa = PBXShellScriptBuildPhase;
			buildActionMask = 2147483647;
			files = (
			);
			inputPaths = (
			);
			name = "Copy Pods Resources";
			outputPaths = (
			);
			runOnlyForDeploymentPostprocessing = 0;
			shellPath = /bin/sh;
			shellScript = "\"${SRCROOT}/Pods/Target Support Files/Pods/Pods-resources.sh\"\n";
			showEnvVarsInLog = 0;
		};
		F8D0153F22F5069AAAC74CEB /* Check Pods Manifest.lock */ = {
			isa = PBXShellScriptBuildPhase;
			buildActionMask = 2147483647;
			files = (
			);
			inputPaths = (
			);
			name = "Check Pods Manifest.lock";
			outputPaths = (
			);
			runOnlyForDeploymentPostprocessing = 0;
			shellPath = /bin/sh;
			shellScript = "diff \"${PODS_ROOT}/../Podfile.lock\" \"${PODS_ROOT}/Manifest.lock\" > /dev/null\nif [[ $? != 0 ]] ; then\n    cat << EOM\nerror: The sandbox is not in sync with the Podfile.lock. Run 'pod install' or update your CocoaPods installation.\nEOM\n    exit 1\nfi\n";
			showEnvVarsInLog = 0;
		};
/* End PBXShellScriptBuildPhase section */

/* Begin PBXSourcesBuildPhase section */
		C4CED3021B88FB010008BCF2 /* Sources */ = {
			isa = PBXSourcesBuildPhase;
			buildActionMask = 2147483647;
			files = (
				649B94DC1BD4854C00F1B6CA /* TenUserModal.swift in Sources */,
				649B94D91BD4846000F1B6CA /* FMDatabaseVariadic.swift in Sources */,
				64BDA0CC1BCC0815009DF292 /* settingCell.swift in Sources */,
				64BDA0C11BCBC4E3009DF292 /* NotificationInfoCell.swift in Sources */,
				646C1B941BCB8ED000EEBF04 /* LevelUserController.swift in Sources */,
				645E0D851BD3735600CF6977 /* UserCell.swift in Sources */,
				64BDA0C51BCBC64E009DF292 /* NotificationFrame.swift in Sources */,
				645E0D881BD37ADB00CF6977 /* SettingButton.swift in Sources */,
				645E0D5A1BD3544C00CF6977 /* PCoinUnlockedCell.swift in Sources */,
				D41B3D791BC07924005002C8 /* Helpers.swift in Sources */,
				646C1B8C1BCB789400EEBF04 /* BaseUser.swift in Sources */,
				C4CED30E1B88FB010008BCF2 /* MainViewController.swift in Sources */,
				64BDA0D31BCFBDBE009DF292 /* SettingDoubleLabelCell.swift in Sources */,
				D41B3D761BC074AB005002C8 /* ProfilePicsCollectionViewCell.swift in Sources */,
				649B94D51BD4846000F1B6CA /* FMDatabaseQueue.m in Sources */,
				64BDA0DB1BD275D1009DF292 /* PCoinPurchaseCell.swift in Sources */,
				649B94D41BD4846000F1B6CA /* FMDatabasePool.m in Sources */,
				164EA74D1BB799E700446691 /* MobileInfo.swift in Sources */,
				16988ADF1B8CCC5500270DBA /* SharedLocationManager.swift in Sources */,
				646C1B961BCB913C00EEBF04 /* RandomAndLevelUserCell.swift in Sources */,
				649B94D81BD4846000F1B6CA /* FMDatabaseAdditionsVariadic.swift in Sources */,
				649B94E51BD4D38000F1B6CA /* RegistViewController.swift in Sources */,
				64BDA0E41BD33A53009DF292 /* PCoinTransferModel.swift in Sources */,
				D48F93161BC1CDEC003DE7A2 /* ProfilePicsLayout.swift in Sources */,
				64A8D59A1BCAA7B600AC1E6E /* ADCircularMenuViewController.m in Sources */,
				649B94D31BD4846000F1B6CA /* FMDatabaseAdditions.m in Sources */,
				645E0D5E1BD355C100CF6977 /* PCoinUnlockedModel.swift in Sources */,
				64BDA0C91BCC02BC009DF292 /* SettingsViewController.swift in Sources */,
				649B94D61BD4846000F1B6CA /* FMResultSet.m in Sources */,
				649B94D21BD4846000F1B6CA /* FMDatabase.m in Sources */,
				646C1B921BCB8EAD00EEBF04 /* RandomUserController.swift in Sources */,
				64BDA0BF1BCBC30A009DF292 /* NotificationViewController.swift in Sources */,
				D4D96F311BBDB9090019C09B /* ProfileViewController.swift in Sources */,
				646C1B901BCB8C8600EEBF04 /* RandomAndLevelUser.swift in Sources */,
				64BDA0D81BD27223009DF292 /* LevelButton.swift in Sources */,
				649B94D71BD4846000F1B6CA /* FMDBManager.swift in Sources */,
				64BDA0E21BD333F0009DF292 /* PCoinTransferCell.swift in Sources */,
				64BDA0D61BD26E68009DF292 /* PCoinViewController.swift in Sources */,
				640D05AC1BCB68F700C10E20 /* ChatViewController.swift in Sources */,
				64BDA0E01BD27FCA009DF292 /* PCoinHistoryCell.swift in Sources */,
				64BDA0C31BCBC508009DF292 /* Notification.swift in Sources */,
				D41B3D731BC07493005002C8 /* ProfilePicsCollectionViewController.swift in Sources */,
				C4CED30C1B88FB010008BCF2 /* AppDelegate.swift in Sources */,
			);
			runOnlyForDeploymentPostprocessing = 0;
		};
		C4CED3171B88FB010008BCF2 /* Sources */ = {
			isa = PBXSourcesBuildPhase;
			buildActionMask = 2147483647;
			files = (
				C4CED3221B88FB010008BCF2 /* TenTests.swift in Sources */,
			);
			runOnlyForDeploymentPostprocessing = 0;
		};
/* End PBXSourcesBuildPhase section */

/* Begin PBXTargetDependency section */
		C4CED31D1B88FB010008BCF2 /* PBXTargetDependency */ = {
			isa = PBXTargetDependency;
			target = C4CED3051B88FB010008BCF2 /* Ten */;
			targetProxy = C4CED31C1B88FB010008BCF2 /* PBXContainerItemProxy */;
		};
/* End PBXTargetDependency section */

/* Begin PBXVariantGroup section */
		C4CED30F1B88FB010008BCF2 /* Main.storyboard */ = {
			isa = PBXVariantGroup;
			children = (
				C4CED3101B88FB010008BCF2 /* Base */,
			);
			name = Main.storyboard;
			sourceTree = "<group>";
		};
		C4CED3141B88FB010008BCF2 /* LaunchScreen.xib */ = {
			isa = PBXVariantGroup;
			children = (
				C4CED3151B88FB010008BCF2 /* Base */,
			);
			name = LaunchScreen.xib;
			sourceTree = "<group>";
		};
/* End PBXVariantGroup section */

/* Begin XCBuildConfiguration section */
		C4CED3231B88FB010008BCF2 /* Debug */ = {
			isa = XCBuildConfiguration;
			buildSettings = {
				ALWAYS_SEARCH_USER_PATHS = NO;
				CLANG_CXX_LANGUAGE_STANDARD = "gnu++0x";
				CLANG_CXX_LIBRARY = "libc++";
				CLANG_ENABLE_MODULES = YES;
				CLANG_ENABLE_OBJC_ARC = YES;
				CLANG_WARN_BOOL_CONVERSION = YES;
				CLANG_WARN_CONSTANT_CONVERSION = YES;
				CLANG_WARN_DIRECT_OBJC_ISA_USAGE = YES_ERROR;
				CLANG_WARN_EMPTY_BODY = YES;
				CLANG_WARN_ENUM_CONVERSION = YES;
				CLANG_WARN_INT_CONVERSION = YES;
				CLANG_WARN_OBJC_ROOT_CLASS = YES_ERROR;
				CLANG_WARN_UNREACHABLE_CODE = YES;
				CLANG_WARN__DUPLICATE_METHOD_MATCH = YES;
				"CODE_SIGN_IDENTITY[sdk=iphoneos*]" = "iPhone Developer";
				COPY_PHASE_STRIP = NO;
				DEBUG_INFORMATION_FORMAT = "dwarf-with-dsym";
				DEFINES_MODULE = NO;
				ENABLE_STRICT_OBJC_MSGSEND = YES;
				GCC_C_LANGUAGE_STANDARD = gnu99;
				GCC_DYNAMIC_NO_PIC = NO;
				GCC_NO_COMMON_BLOCKS = YES;
				GCC_OPTIMIZATION_LEVEL = 0;
				GCC_PREPROCESSOR_DEFINITIONS = (
					"DEBUG=1",
					"$(inherited)",
				);
				GCC_SYMBOLS_PRIVATE_EXTERN = NO;
				GCC_WARN_64_TO_32_BIT_CONVERSION = YES;
				GCC_WARN_ABOUT_RETURN_TYPE = YES_ERROR;
				GCC_WARN_UNDECLARED_SELECTOR = YES;
				GCC_WARN_UNINITIALIZED_AUTOS = YES_AGGRESSIVE;
				GCC_WARN_UNUSED_FUNCTION = YES;
				GCC_WARN_UNUSED_VARIABLE = YES;
				IPHONEOS_DEPLOYMENT_TARGET = 8.4;
				MTL_ENABLE_DEBUG_INFO = YES;
				ONLY_ACTIVE_ARCH = YES;
				SDKROOT = iphoneos;
				"SWIFT_OBJC_BRIDGING_HEADER[arch=*]" = "$PROJECT/ADCircularMenuController/ADCircularMenuViewController-Bridging-Header.h";
				SWIFT_OPTIMIZATION_LEVEL = "-Onone";
			};
			name = Debug;
		};
		C4CED3241B88FB010008BCF2 /* Release */ = {
			isa = XCBuildConfiguration;
			buildSettings = {
				ALWAYS_SEARCH_USER_PATHS = NO;
				CLANG_CXX_LANGUAGE_STANDARD = "gnu++0x";
				CLANG_CXX_LIBRARY = "libc++";
				CLANG_ENABLE_MODULES = YES;
				CLANG_ENABLE_OBJC_ARC = YES;
				CLANG_WARN_BOOL_CONVERSION = YES;
				CLANG_WARN_CONSTANT_CONVERSION = YES;
				CLANG_WARN_DIRECT_OBJC_ISA_USAGE = YES_ERROR;
				CLANG_WARN_EMPTY_BODY = YES;
				CLANG_WARN_ENUM_CONVERSION = YES;
				CLANG_WARN_INT_CONVERSION = YES;
				CLANG_WARN_OBJC_ROOT_CLASS = YES_ERROR;
				CLANG_WARN_UNREACHABLE_CODE = YES;
				CLANG_WARN__DUPLICATE_METHOD_MATCH = YES;
				"CODE_SIGN_IDENTITY[sdk=iphoneos*]" = "iPhone Developer";
				COPY_PHASE_STRIP = NO;
				DEBUG_INFORMATION_FORMAT = "dwarf-with-dsym";
				DEFINES_MODULE = NO;
				ENABLE_NS_ASSERTIONS = NO;
				ENABLE_STRICT_OBJC_MSGSEND = YES;
				GCC_C_LANGUAGE_STANDARD = gnu99;
				GCC_NO_COMMON_BLOCKS = YES;
				GCC_WARN_64_TO_32_BIT_CONVERSION = YES;
				GCC_WARN_ABOUT_RETURN_TYPE = YES_ERROR;
				GCC_WARN_UNDECLARED_SELECTOR = YES;
				GCC_WARN_UNINITIALIZED_AUTOS = YES_AGGRESSIVE;
				GCC_WARN_UNUSED_FUNCTION = YES;
				GCC_WARN_UNUSED_VARIABLE = YES;
				IPHONEOS_DEPLOYMENT_TARGET = 8.4;
				MTL_ENABLE_DEBUG_INFO = NO;
				SDKROOT = iphoneos;
				"SWIFT_OBJC_BRIDGING_HEADER[arch=*]" = "$PROJECT/ADCircularMenuController/ADCircularMenuViewController-Bridging-Header.h";
				VALIDATE_PRODUCT = YES;
			};
			name = Release;
		};
		C4CED3261B88FB010008BCF2 /* Debug */ = {
			isa = XCBuildConfiguration;
			baseConfigurationReference = 04E4A3C8E90507E375B44E7E /* Pods.debug.xcconfig */;
			buildSettings = {
				ARCHS = "$(ARCHS_STANDARD)";
				ASSETCATALOG_COMPILER_APPICON_NAME = AppIcon;
				CLANG_ENABLE_MODULES = YES;
				CODE_SIGN_IDENTITY = "iPhone Developer";
				"CODE_SIGN_IDENTITY[sdk=iphoneos*]" = "iPhone Developer";
				INFOPLIST_FILE = Ten/Info.plist;
				IPHONEOS_DEPLOYMENT_TARGET = 8.0;
				LD_RUNPATH_SEARCH_PATHS = "$(inherited) @executable_path/Frameworks";
				ONLY_ACTIVE_ARCH = YES;
				PRODUCT_NAME = "$(TARGET_NAME)";
				PROVISIONING_PROFILE = "";
				SWIFT_OPTIMIZATION_LEVEL = "-Onone";
				VALID_ARCHS = "armv7 armv7s arm64";
			};
			name = Debug;
		};
		C4CED3271B88FB010008BCF2 /* Release */ = {
			isa = XCBuildConfiguration;
			baseConfigurationReference = 032746A50B016C79F1BAEF9D /* Pods.release.xcconfig */;
			buildSettings = {
				ARCHS = "$(ARCHS_STANDARD)";
				ASSETCATALOG_COMPILER_APPICON_NAME = AppIcon;
				CLANG_ENABLE_MODULES = YES;
				CODE_SIGN_IDENTITY = "iPhone Developer";
				"CODE_SIGN_IDENTITY[sdk=iphoneos*]" = "iPhone Developer";
				INFOPLIST_FILE = Ten/Info.plist;
				IPHONEOS_DEPLOYMENT_TARGET = 8.0;
				LD_RUNPATH_SEARCH_PATHS = "$(inherited) @executable_path/Frameworks";
				ONLY_ACTIVE_ARCH = NO;
				PRODUCT_NAME = "$(TARGET_NAME)";
				PROVISIONING_PROFILE = "";
				VALID_ARCHS = "armv7 armv7s arm64";
			};
			name = Release;
		};
		C4CED3291B88FB010008BCF2 /* Debug */ = {
			isa = XCBuildConfiguration;
			buildSettings = {
				BUNDLE_LOADER = "$(TEST_HOST)";
				FRAMEWORK_SEARCH_PATHS = (
					"$(SDKROOT)/Developer/Library/Frameworks",
					"$(inherited)",
				);
				GCC_PREPROCESSOR_DEFINITIONS = (
					"DEBUG=1",
					"$(inherited)",
				);
				INFOPLIST_FILE = TenTests/Info.plist;
				LD_RUNPATH_SEARCH_PATHS = "$(inherited) @executable_path/Frameworks @loader_path/Frameworks";
				PRODUCT_NAME = "$(TARGET_NAME)";
				TEST_HOST = "$(BUILT_PRODUCTS_DIR)/Ten.app/Ten";
			};
			name = Debug;
		};
		C4CED32A1B88FB010008BCF2 /* Release */ = {
			isa = XCBuildConfiguration;
			buildSettings = {
				BUNDLE_LOADER = "$(TEST_HOST)";
				FRAMEWORK_SEARCH_PATHS = (
					"$(SDKROOT)/Developer/Library/Frameworks",
					"$(inherited)",
				);
				INFOPLIST_FILE = TenTests/Info.plist;
				LD_RUNPATH_SEARCH_PATHS = "$(inherited) @executable_path/Frameworks @loader_path/Frameworks";
				PRODUCT_NAME = "$(TARGET_NAME)";
				TEST_HOST = "$(BUILT_PRODUCTS_DIR)/Ten.app/Ten";
			};
			name = Release;
		};
/* End XCBuildConfiguration section */

/* Begin XCConfigurationList section */
		C4CED3011B88FB010008BCF2 /* Build configuration list for PBXProject "Ten" */ = {
			isa = XCConfigurationList;
			buildConfigurations = (
				C4CED3231B88FB010008BCF2 /* Debug */,
				C4CED3241B88FB010008BCF2 /* Release */,
			);
			defaultConfigurationIsVisible = 0;
			defaultConfigurationName = Release;
		};
		C4CED3251B88FB010008BCF2 /* Build configuration list for PBXNativeTarget "Ten" */ = {
			isa = XCConfigurationList;
			buildConfigurations = (
				C4CED3261B88FB010008BCF2 /* Debug */,
				C4CED3271B88FB010008BCF2 /* Release */,
			);
			defaultConfigurationIsVisible = 0;
			defaultConfigurationName = Release;
		};
		C4CED3281B88FB010008BCF2 /* Build configuration list for PBXNativeTarget "TenTests" */ = {
			isa = XCConfigurationList;
			buildConfigurations = (
				C4CED3291B88FB010008BCF2 /* Debug */,
				C4CED32A1B88FB010008BCF2 /* Release */,
			);
			defaultConfigurationIsVisible = 0;
			defaultConfigurationName = Release;
		};
/* End XCConfigurationList section */
	};
	rootObject = C4CED2FE1B88FB010008BCF2 /* Project object */;
}
